
Microsoft Visual Studio Solution File, Format Version 12.00
# Visual Studio Version 17
VisualStudioVersion = 17.8.34309.116
MinimumVisualStudioVersion = 10.0.40219.1
Project("{9A19103F-16F7-4668-BE54-9A1E7A4F7556}") = "MVCDemo", "MVCDemo.csproj", "{20A803F6-4B89-4A29-8E38-3E3DF12C96D6}"
EndProject
Global
	GlobalSection(SolutionConfigurationPlatforms) = preSolution
		Debug|Any CPU = Debug|Any CPU
		Release|Any CPU = Release|Any CPU
	EndGlobalSection
	GlobalSection(ProjectConfigurationPlatforms) = postSolution
		{20A803F6-4B89-4A29-8E38-3E3DF12C96D6}.Debug|Any CPU.ActiveCfg = Debug|Any CPU
		{20A803F6-4B89-4A29-8E38-3E3DF12C96D6}.Debug|Any CPU.Build.0 = Debug|Any CPU
		{20A803F6-4B89-4A29-8E38-3E3DF12C96D6}.Release|Any CPU.ActiveCfg = Release|Any CPU
		{20A803F6-4B89-4A29-8E38-3E3DF12C96D6}.Release|Any CPU.Build.0 = Release|Any CPU
	EndGlobalSection
	GlobalSection(SolutionProperties) = preSolution
		HideSolutionNode = FALSE
	EndGlobalSection
	GlobalSection(ExtensibilityGlobals) = postSolution
		SolutionGuid = {6BC55384-1152-4CB5-949C-DECA5D1581F4}
	EndGlobalSection
EndGlobal
